
Microsoft Visual Studio Solution File, Format Version 12.00
# Visual Studio Version 16
VisualStudioVersion = 16.0.31729.503
MinimumVisualStudioVersion = 10.0.40219.1
Project("{8BC9CEB8-8B4A-11D0-8D11-00A0C91BC942}") = "RTS_Assignment", "RTS_Assignment\RTS_Assignment.vcxproj", "{08DF52AF-A982-49DF-9B20-1AFA9EBE36A8}"
EndProject
Global
	GlobalSection(SolutionConfigurationPlatforms) = preSolution
		Debug|x64 = Debug|x64
		Debug|x86 = Debug|x86
		Release|x64 = Release|x64
		Release|x86 = Release|x86
	EndGlobalSection
	GlobalSection(ProjectConfigurationPlatforms) = postSolution
		{08DF52AF-A982-49DF-9B20-1AFA9EBE36A8}.Debug|x64.ActiveCfg = Debug|x64
		{08DF52AF-A982-49DF-9B20-1AFA9EBE36A8}.Debug|x64.Build.0 = Debug|x64
		{08DF52AF-A982-49DF-9B20-1AFA9EBE36A8}.Debug|x86.ActiveCfg = Debug|Win32
		{08DF52AF-A982-49DF-9B20-1AFA9EBE36A8}.Debug|x86.Build.0 = Debug|Win32
		{08DF52AF-A982-49DF-9B20-1AFA9EBE36A8}.Release|x64.ActiveCfg = Release|x64
		{08DF52AF-A982-49DF-9B20-1AFA9EBE36A8}.Release|x64.Build.0 = Release|x64
		{08DF52AF-A982-49DF-9B20-1AFA9EBE36A8}.Release|x86.ActiveCfg = Release|Win32
		{08DF52AF-A982-49DF-9B20-1AFA9EBE36A8}.Release|x86.Build.0 = Release|Win32
	EndGlobalSection
	GlobalSection(SolutionProperties) = preSolution
		HideSolutionNode = FALSE
	EndGlobalSection
	GlobalSection(ExtensibilityGlobals) = postSolution
		SolutionGuid = {B4A759BF-6202-4DA1-A49F-50B8F676599D}
	EndGlobalSection
EndGlobal
